{
    "_meta": {
        "hash": {
            "sha256": "b99a125ad385d58b69ccbeb9792fcb2972685733d9fb229e31119b4b89113bfa"
        },
        "pipfile-spec": 6,
        "requires": {
            "python_version": "3.7"
        },
        "sources": [
            {
                "name": "pypi",
                "url": "https://pypi.org/simple",
                "verify_ssl": true
            }
        ]
    },
    "default": {
        "colorama": {
            "hashes": [
                "sha256:05eed71e2e327246ad6b38c540c4a3117230b19679b875190486ddd2d721422d",
                "sha256:f8ac84de7840f5b9c4e3347b3c1eaa50f7e49c2b07596221daec5edaabbd7c48"
            ],
            "index": "pypi",
            "version": "==0.4.1"
        },
        "pynput": {
            "hashes": [
                "sha256:562468f5da7988b2d5114b1a1154239ce7ca492da55c620c82a5962fc060efd8",
                "sha256:7c91f76abd13f24fd6ce3bdce6e6a6c33e19ce368c0ba9e77a0ec1e9d2b1bee2"
            ],
            "index": "pypi",
            "version": "==1.4.5"
        },
        "python-xlib": {
            "hashes": [
                "sha256:204f280b549352af6cbdaff43405186822ae05749518dd9be209bd88a0088f99",
                "sha256:cdc806892f28fcd2c52e22a646c2ae3af3f0539cbbacfe7b344231d75eb96095"
            ],
            "markers": "'linux' in sys_platform",
            "version": "==0.25"
        },
        "six": {
            "hashes": [
                "sha256:1f1b7d42e254082a9db6279deae68afb421ceba6158efa6131de7b3003ee93fd",
                "sha256:30f610279e8b2578cab6db20741130331735c781b56053c59c4076da27f06b66"
            ],
            "version": "==1.13.0"
        }
    },
    "develop": {
        "autopep8": {
            "hashes": [
                "sha256:4d8eec30cc81bc5617dbf1218201d770dc35629363547f17577c61683ccfb3ee"
            ],
            "index": "pypi",
            "version": "==1.4.4"
        },
        "pycodestyle": {
            "hashes": [
                "sha256:95a2219d12372f05704562a14ec30bc76b05a5b297b21a5dfe3f6fac3491ae56",
                "sha256:e40a936c9a450ad81df37f549d676d127b1b66000a6c500caa2b085bc0ca976c"
            ],
            "version": "==2.5.0"
        },
        "rope": {
            "hashes": [
                "sha256:6b728fdc3e98a83446c27a91fc5d56808a004f8beab7a31ab1d7224cecc7d969",
                "sha256:c5c5a6a87f7b1a2095fb311135e2a3d1f194f5ecb96900fdd0a9100881f48aaf",
                "sha256:f0dcf719b63200d492b85535ebe5ea9b29e0d0b8aebeb87fe03fc1a65924fdaf"
            ],
            "index": "pypi",
            "version": "==0.14.0"
        }
    }
}
